// !$*UTF8*$!
{
	archiveVersion = 1;
	classes = {
	};
	objectVersion = 56;
	objects = {

/* Begin PBXBuildFile section */
		8403F49462DE9920C1384E17 /* Pods_MemoryslotsCard.framework in Frameworks */ = {isa = PBXBuildFile; fileRef = 281B8BE0F5CF408983C330E2 /* Pods_MemoryslotsCard.framework */; };
		C627C2FA2C6CCBEC00B9DD12 /* AppDelegate.m in Sources */ = {isa = PBXBuildFile; fileRef = C627C2F92C6CCBEC00B9DD12 /* AppDelegate.m */; };
		C627C3002C6CCBEC00B9DD12 /* ViewController.m in Sources */ = {isa = PBXBuildFile; fileRef = C627C2FF2C6CCBEC00B9DD12 /* ViewController.m */; };
		C627C3032C6CCBEC00B9DD12 /* Main.storyboard in Resources */ = {isa = PBXBuildFile; fileRef = C627C3012C6CCBEC00B9DD12 /* Main.storyboard */; };
		C627C3052C6CCBEF00B9DD12 /* Assets.xcassets in Resources */ = {isa = PBXBuildFile; fileRef = C627C3042C6CCBEF00B9DD12 /* Assets.xcassets */; };
		C627C3082C6CCBEF00B9DD12 /* LaunchScreen.storyboard in Resources */ = {isa = PBXBuildFile; fileRef = C627C3062C6CCBEF00B9DD12 /* LaunchScreen.storyboard */; };
		C627C30B2C6CCBEF00B9DD12 /* main.m in Sources */ = {isa = PBXBuildFile; fileRef = C627C30A2C6CCBEF00B9DD12 /* main.m */; };
		C627C3152C6CCBF000B9DD12 /* MemoryslotsCardTests.m in Sources */ = {isa = PBXBuildFile; fileRef = C627C3142C6CCBF000B9DD12 /* MemoryslotsCardTests.m */; };
		C627C31F2C6CCBF000B9DD12 /* MemoryslotsCardUITests.m in Sources */ = {isa = PBXBuildFile; fileRef = C627C31E2C6CCBF000B9DD12 /* MemoryslotsCardUITests.m */; };
		C627C3212C6CCBF000B9DD12 /* MemoryslotsCardUITestsLaunchTests.m in Sources */ = {isa = PBXBuildFile; fileRef = C627C3202C6CCBF000B9DD12 /* MemoryslotsCardUITestsLaunchTests.m */; };
		C627C3312C6CCECE00B9DD12 /* MeHomeViewController.m in Sources */ = {isa = PBXBuildFile; fileRef = C627C32F2C6CCECE00B9DD12 /* MeHomeViewController.m */; };
		C627C3322C6CCECE00B9DD12 /* MeHomeViewController.xib in Resources */ = {isa = PBXBuildFile; fileRef = C627C3302C6CCECE00B9DD12 /* MeHomeViewController.xib */; };
		C627C3362C6CD07300B9DD12 /* SettingsViewController.m in Sources */ = {isa = PBXBuildFile; fileRef = C627C3342C6CD07300B9DD12 /* SettingsViewController.m */; };
		C627C3372C6CD07300B9DD12 /* SettingsViewController.xib in Resources */ = {isa = PBXBuildFile; fileRef = C627C3352C6CD07300B9DD12 /* SettingsViewController.xib */; };
		C627C33B2C6CD26100B9DD12 /* MemoryViewController.m in Sources */ = {isa = PBXBuildFile; fileRef = C627C3392C6CD26100B9DD12 /* MemoryViewController.m */; };
		C627C33C2C6CD26100B9DD12 /* MemoryViewController.xib in Resources */ = {isa = PBXBuildFile; fileRef = C627C33A2C6CD26100B9DD12 /* MemoryViewController.xib */; };
		C656F5CF2C6F865500A0A446 /* MemoryScoreViewController.m in Sources */ = {isa = PBXBuildFile; fileRef = C656F5CD2C6F865500A0A446 /* MemoryScoreViewController.m */; };
		C656F5D02C6F865500A0A446 /* MemoryScoreViewController.xib in Resources */ = {isa = PBXBuildFile; fileRef = C656F5CE2C6F865500A0A446 /* MemoryScoreViewController.xib */; };
		C656F5D42C6F867900A0A446 /* TreasureScoreViewController.m in Sources */ = {isa = PBXBuildFile; fileRef = C656F5D22C6F867900A0A446 /* TreasureScoreViewController.m */; };
		C656F5D52C6F867900A0A446 /* TreasureScoreViewController.xib in Resources */ = {isa = PBXBuildFile; fileRef = C656F5D32C6F867900A0A446 /* TreasureScoreViewController.xib */; };
		C6CAA7DD2C71B8460037F30C /* PriViewController.m in Sources */ = {isa = PBXBuildFile; fileRef = C6CAA7DB2C71B8460037F30C /* PriViewController.m */; };
		C6CAA7DE2C71B8460037F30C /* PriViewController.xib in Resources */ = {isa = PBXBuildFile; fileRef = C6CAA7DC2C71B8460037F30C /* PriViewController.xib */; };
		C6CAA7E22C71BA510037F30C /* UserOpinionViewController.m in Sources */ = {isa = PBXBuildFile; fileRef = C6CAA7E02C71BA510037F30C /* UserOpinionViewController.m */; };
		C6CAA7E32C71BA510037F30C /* UserOpinionViewController.xib in Resources */ = {isa = PBXBuildFile; fileRef = C6CAA7E12C71BA510037F30C /* UserOpinionViewController.xib */; };
/* End PBXBuildFile section */

/* Begin PBXContainerItemProxy section */
		C627C3112C6CCBF000B9DD12 /* PBXContainerItemProxy */ = {
			isa = PBXContainerItemProxy;
			containerPortal = C627C2ED2C6CCBEC00B9DD12 /* Project object */;
			proxyType = 1;
			remoteGlobalIDString = C627C2F42C6CCBEC00B9DD12;
			remoteInfo = MemoryslotsCard;
		};
		C627C31B2C6CCBF000B9DD12 /* PBXContainerItemProxy */ = {
			isa = PBXContainerItemProxy;
			containerPortal = C627C2ED2C6CCBEC00B9DD12 /* Project object */;
			proxyType = 1;
			remoteGlobalIDString = C627C2F42C6CCBEC00B9DD12;
			remoteInfo = MemoryslotsCard;
		};
/* End PBXContainerItemProxy section */

/* Begin PBXFileReference section */
		144576A53EEBFE6E12B4E0C3 /* Pods-MemoryslotsCard.release.xcconfig */ = {isa = PBXFileReference; includeInIndex = 1; lastKnownFileType = text.xcconfig; name = "Pods-MemoryslotsCard.release.xcconfig"; path = "Target Support Files/Pods-MemoryslotsCard/Pods-MemoryslotsCard.release.xcconfig"; sourceTree = "<group>"; };
		281B8BE0F5CF408983C330E2 /* Pods_MemoryslotsCard.framework */ = {isa = PBXFileReference; explicitFileType = wrapper.framework; includeInIndex = 0; path = Pods_MemoryslotsCard.framework; sourceTree = BUILT_PRODUCTS_DIR; };
		6BF8CFD07758DA3FC8710C78 /* Pods-MemoryslotsCard.debug.xcconfig */ = {isa = PBXFileReference; includeInIndex = 1; lastKnownFileType = text.xcconfig; name = "Pods-MemoryslotsCard.debug.xcconfig"; path = "Target Support Files/Pods-MemoryslotsCard/Pods-MemoryslotsCard.debug.xcconfig"; sourceTree = "<group>"; };
		C627C2F52C6CCBEC00B9DD12 /* MemoryslotsCard.app */ = {isa = PBXFileReference; explicitFileType = wrapper.application; includeInIndex = 0; path = MemoryslotsCard.app; sourceTree = BUILT_PRODUCTS_DIR; };
		C627C2F82C6CCBEC00B9DD12 /* AppDelegate.h */ = {isa = PBXFileReference; lastKnownFileType = sourcecode.c.h; path = AppDelegate.h; sourceTree = "<group>"; };
		C627C2F92C6CCBEC00B9DD12 /* AppDelegate.m */ = {isa = PBXFileReference; lastKnownFileType = sourcecode.c.objc; path = AppDelegate.m; sourceTree = "<group>"; };
		C627C2FE2C6CCBEC00B9DD12 /* ViewController.h */ = {isa = PBXFileReference; lastKnownFileType = sourcecode.c.h; path = ViewController.h; sourceTree = "<group>"; };
		C627C2FF2C6CCBEC00B9DD12 /* ViewController.m */ = {isa = PBXFileReference; lastKnownFileType = sourcecode.c.objc; path = ViewController.m; sourceTree = "<group>"; };
		C627C3022C6CCBEC00B9DD12 /* Base */ = {isa = PBXFileReference; lastKnownFileType = file.storyboard; name = Base; path = Base.lproj/Main.storyboard; sourceTree = "<group>"; };
		C627C3042C6CCBEF00B9DD12 /* Assets.xcassets */ = {isa = PBXFileReference; lastKnownFileType = folder.assetcatalog; path = Assets.xcassets; sourceTree = "<group>"; };
		C627C3072C6CCBEF00B9DD12 /* Base */ = {isa = PBXFileReference; lastKnownFileType = file.storyboard; name = Base; path = Base.lproj/LaunchScreen.storyboard; sourceTree = "<group>"; };
		C627C3092C6CCBEF00B9DD12 /* Info.plist */ = {isa = PBXFileReference; lastKnownFileType = text.plist.xml; path = Info.plist; sourceTree = "<group>"; };
		C627C30A2C6CCBEF00B9DD12 /* main.m */ = {isa = PBXFileReference; lastKnownFileType = sourcecode.c.objc; path = main.m; sourceTree = "<group>"; };
		C627C3102C6CCBF000B9DD12 /* MemoryslotsCardTests.xctest */ = {isa = PBXFileReference; explicitFileType = wrapper.cfbundle; includeInIndex = 0; path = MemoryslotsCardTests.xctest; sourceTree = BUILT_PRODUCTS_DIR; };
		C627C3142C6CCBF000B9DD12 /* MemoryslotsCardTests.m */ = {isa = PBXFileReference; lastKnownFileType = sourcecode.c.objc; path = MemoryslotsCardTests.m; sourceTree = "<group>"; };
		C627C31A2C6CCBF000B9DD12 /* MemoryslotsCardUITests.xctest */ = {isa = PBXFileReference; explicitFileType = wrapper.cfbundle; includeInIndex = 0; path = MemoryslotsCardUITests.xctest; sourceTree = BUILT_PRODUCTS_DIR; };
		C627C31E2C6CCBF000B9DD12 /* MemoryslotsCardUITests.m */ = {isa = PBXFileReference; lastKnownFileType = sourcecode.c.objc; path = MemoryslotsCardUITests.m; sourceTree = "<group>"; };
		C627C3202C6CCBF000B9DD12 /* MemoryslotsCardUITestsLaunchTests.m */ = {isa = PBXFileReference; lastKnownFileType = sourcecode.c.objc; path = MemoryslotsCardUITestsLaunchTests.m; sourceTree = "<group>"; };
		C627C32E2C6CCECE00B9DD12 /* MeHomeViewController.h */ = {isa = PBXFileReference; lastKnownFileType = sourcecode.c.h; path = MeHomeViewController.h; sourceTree = "<group>"; };
		C627C32F2C6CCECE00B9DD12 /* MeHomeViewController.m */ = {isa = PBXFileReference; lastKnownFileType = sourcecode.c.objc; path = MeHomeViewController.m; sourceTree = "<group>"; };
		C627C3302C6CCECE00B9DD12 /* MeHomeViewController.xib */ = {isa = PBXFileReference; lastKnownFileType = file.xib; path = MeHomeViewController.xib; sourceTree = "<group>"; };
		C627C3332C6CD07300B9DD12 /* SettingsViewController.h */ = {isa = PBXFileReference; lastKnownFileType = sourcecode.c.h; path = SettingsViewController.h; sourceTree = "<group>"; };
		C627C3342C6CD07300B9DD12 /* SettingsViewController.m */ = {isa = PBXFileReference; lastKnownFileType = sourcecode.c.objc; path = SettingsViewController.m; sourceTree = "<group>"; };
		C627C3352C6CD07300B9DD12 /* SettingsViewController.xib */ = {isa = PBXFileReference; lastKnownFileType = file.xib; path = SettingsViewController.xib; sourceTree = "<group>"; };
		C627C3382C6CD26100B9DD12 /* MemoryViewController.h */ = {isa = PBXFileReference; lastKnownFileType = sourcecode.c.h; path = MemoryViewController.h; sourceTree = "<group>"; };
		C627C3392C6CD26100B9DD12 /* MemoryViewController.m */ = {isa = PBXFileReference; lastKnownFileType = sourcecode.c.objc; path = MemoryViewController.m; sourceTree = "<group>"; };
		C627C33A2C6CD26100B9DD12 /* MemoryViewController.xib */ = {isa = PBXFileReference; lastKnownFileType = file.xib; path = MemoryViewController.xib; sourceTree = "<group>"; };
		C656F5CC2C6F865500A0A446 /* MemoryScoreViewController.h */ = {isa = PBXFileReference; lastKnownFileType = sourcecode.c.h; path = MemoryScoreViewController.h; sourceTree = "<group>"; };
		C656F5CD2C6F865500A0A446 /* MemoryScoreViewController.m */ = {isa = PBXFileReference; lastKnownFileType = sourcecode.c.objc; path = MemoryScoreViewController.m; sourceTree = "<group>"; };
		C656F5CE2C6F865500A0A446 /* MemoryScoreViewController.xib */ = {isa = PBXFileReference; lastKnownFileType = file.xib; path = MemoryScoreViewController.xib; sourceTree = "<group>"; };
		C656F5D12C6F867900A0A446 /* TreasureScoreViewController.h */ = {isa = PBXFileReference; lastKnownFileType = sourcecode.c.h; path = TreasureScoreViewController.h; sourceTree = "<group>"; };
		C656F5D22C6F867900A0A446 /* TreasureScoreViewController.m */ = {isa = PBXFileReference; lastKnownFileType = sourcecode.c.objc; path = TreasureScoreViewController.m; sourceTree = "<group>"; };
		C656F5D32C6F867900A0A446 /* TreasureScoreViewController.xib */ = {isa = PBXFileReference; lastKnownFileType = file.xib; path = TreasureScoreViewController.xib; sourceTree = "<group>"; };
		C6CAA7DA2C71B8460037F30C /* PriViewController.h */ = {isa = PBXFileReference; lastKnownFileType = sourcecode.c.h; path = PriViewController.h; sourceTree = "<group>"; };
		C6CAA7DB2C71B8460037F30C /* PriViewController.m */ = {isa = PBXFileReference; lastKnownFileType = sourcecode.c.objc; path = PriViewController.m; sourceTree = "<group>"; };
		C6CAA7DC2C71B8460037F30C /* PriViewController.xib */ = {isa = PBXFileReference; lastKnownFileType = file.xib; path = PriViewController.xib; sourceTree = "<group>"; };
		C6CAA7DF2C71BA510037F30C /* UserOpinionViewController.h */ = {isa = PBXFileReference; lastKnownFileType = sourcecode.c.h; path = UserOpinionViewController.h; sourceTree = "<group>"; };
		C6CAA7E02C71BA510037F30C /* UserOpinionViewController.m */ = {isa = PBXFileReference; lastKnownFileType = sourcecode.c.objc; path = UserOpinionViewController.m; sourceTree = "<group>"; };
		C6CAA7E12C71BA510037F30C /* UserOpinionViewController.xib */ = {isa = PBXFileReference; lastKnownFileType = file.xib; path = UserOpinionViewController.xib; sourceTree = "<group>"; };
/* End PBXFileReference section */

/* Begin PBXFrameworksBuildPhase section */
		C627C2F22C6CCBEC00B9DD12 /* Frameworks */ = {
			isa = PBXFrameworksBuildPhase;
			buildActionMask = 2147483647;
			files = (
				8403F49462DE9920C1384E17 /* Pods_MemoryslotsCard.framework in Frameworks */,
			);
			runOnlyForDeploymentPostprocessing = 0;
		};
		C627C30D2C6CCBF000B9DD12 /* Frameworks */ = {
			isa = PBXFrameworksBuildPhase;
			buildActionMask = 2147483647;
			files = (
			);
			runOnlyForDeploymentPostprocessing = 0;
		};
		C627C3172C6CCBF000B9DD12 /* Frameworks */ = {
			isa = PBXFrameworksBuildPhase;
			buildActionMask = 2147483647;
			files = (
			);
			runOnlyForDeploymentPostprocessing = 0;
		};
/* End PBXFrameworksBuildPhase section */

/* Begin PBXGroup section */
		4D18EBCDF19A53087ABBE12A /* Frameworks */ = {
			isa = PBXGroup;
			children = (
				281B8BE0F5CF408983C330E2 /* Pods_MemoryslotsCard.framework */,
			);
			name = Frameworks;
			sourceTree = "<group>";
		};
		6C9EE8D27D6F5630AD6131E9 /* Pods */ = {
			isa = PBXGroup;
			children = (
				6BF8CFD07758DA3FC8710C78 /* Pods-MemoryslotsCard.debug.xcconfig */,
				144576A53EEBFE6E12B4E0C3 /* Pods-MemoryslotsCard.release.xcconfig */,
			);
			path = Pods;
			sourceTree = "<group>";
		};
		C627C2EC2C6CCBEC00B9DD12 = {
			isa = PBXGroup;
			children = (
				C627C2F72C6CCBEC00B9DD12 /* MemoryslotsCard */,
				C627C3132C6CCBF000B9DD12 /* MemoryslotsCardTests */,
				C627C31D2C6CCBF000B9DD12 /* MemoryslotsCardUITests */,
				C627C2F62C6CCBEC00B9DD12 /* Products */,
				6C9EE8D27D6F5630AD6131E9 /* Pods */,
				4D18EBCDF19A53087ABBE12A /* Frameworks */,
			);
			sourceTree = "<group>";
		};
		C627C2F62C6CCBEC00B9DD12 /* Products */ = {
			isa = PBXGroup;
			children = (
				C627C2F52C6CCBEC00B9DD12 /* MemoryslotsCard.app */,
				C627C3102C6CCBF000B9DD12 /* MemoryslotsCardTests.xctest */,
				C627C31A2C6CCBF000B9DD12 /* MemoryslotsCardUITests.xctest */,
			);
			name = Products;
			sourceTree = "<group>";
		};
		C627C2F72C6CCBEC00B9DD12 /* MemoryslotsCard */ = {
			isa = PBXGroup;
			children = (
				C627C2F82C6CCBEC00B9DD12 /* AppDelegate.h */,
				C627C2F92C6CCBEC00B9DD12 /* AppDelegate.m */,
				C627C2FE2C6CCBEC00B9DD12 /* ViewController.h */,
				C627C2FF2C6CCBEC00B9DD12 /* ViewController.m */,
				C627C3012C6CCBEC00B9DD12 /* Main.storyboard */,
				C627C3042C6CCBEF00B9DD12 /* Assets.xcassets */,
				C627C3062C6CCBEF00B9DD12 /* LaunchScreen.storyboard */,
				C627C3092C6CCBEF00B9DD12 /* Info.plist */,
				C627C30A2C6CCBEF00B9DD12 /* main.m */,
				C627C32E2C6CCECE00B9DD12 /* MeHomeViewController.h */,
				C627C32F2C6CCECE00B9DD12 /* MeHomeViewController.m */,
				C627C3302C6CCECE00B9DD12 /* MeHomeViewController.xib */,
				C627C3332C6CD07300B9DD12 /* SettingsViewController.h */,
				C627C3342C6CD07300B9DD12 /* SettingsViewController.m */,
				C627C3352C6CD07300B9DD12 /* SettingsViewController.xib */,
				C627C3382C6CD26100B9DD12 /* MemoryViewController.h */,
				C627C3392C6CD26100B9DD12 /* MemoryViewController.m */,
				C627C33A2C6CD26100B9DD12 /* MemoryViewController.xib */,
				C656F5CC2C6F865500A0A446 /* MemoryScoreViewController.h */,
				C656F5CD2C6F865500A0A446 /* MemoryScoreViewController.m */,
				C656F5CE2C6F865500A0A446 /* MemoryScoreViewController.xib */,
				C656F5D12C6F867900A0A446 /* TreasureScoreViewController.h */,
				C656F5D22C6F867900A0A446 /* TreasureScoreViewController.m */,
				C656F5D32C6F867900A0A446 /* TreasureScoreViewController.xib */,
				C6CAA7DA2C71B8460037F30C /* PriViewController.h */,
				C6CAA7DB2C71B8460037F30C /* PriViewController.m */,
				C6CAA7DC2C71B8460037F30C /* PriViewController.xib */,
				C6CAA7DF2C71BA510037F30C /* UserOpinionViewController.h */,
				C6CAA7E02C71BA510037F30C /* UserOpinionViewController.m */,
				C6CAA7E12C71BA510037F30C /* UserOpinionViewController.xib */,
			);
			path = MemoryslotsCard;
			sourceTree = "<group>";
		};
		C627C3132C6CCBF000B9DD12 /* MemoryslotsCardTests */ = {
			isa = PBXGroup;
			children = (
				C627C3142C6CCBF000B9DD12 /* MemoryslotsCardTests.m */,
			);
			path = MemoryslotsCardTests;
			sourceTree = "<group>";
		};
		C627C31D2C6CCBF000B9DD12 /* MemoryslotsCardUITests */ = {
			isa = PBXGroup;
			children = (
				C627C31E2C6CCBF000B9DD12 /* MemoryslotsCardUITests.m */,
				C627C3202C6CCBF000B9DD12 /* MemoryslotsCardUITestsLaunchTests.m */,
			);
			path = MemoryslotsCardUITests;
			sourceTree = "<group>";
		};
/* End PBXGroup section */

/* Begin PBXNativeTarget section */
		C627C2F42C6CCBEC00B9DD12 /* MemoryslotsCard */ = {
			isa = PBXNativeTarget;
			buildConfigurationList = C627C3242C6CCBF000B9DD12 /* Build configuration list for PBXNativeTarget "MemoryslotsCard" */;
			buildPhases = (
				8EBC59B8E31490F9B8E20F7B /* [CP] Check Pods Manifest.lock */,
				C627C2F12C6CCBEC00B9DD12 /* Sources */,
				C627C2F22C6CCBEC00B9DD12 /* Frameworks */,
				C627C2F32C6CCBEC00B9DD12 /* Resources */,
				35D33A3C0167B80A7FECBDB5 /* [CP] Embed Pods Frameworks */,
			);
			buildRules = (
			);
			dependencies = (
			);
			name = MemoryslotsCard;
			productName = MemoryslotsCard;
			productReference = C627C2F52C6CCBEC00B9DD12 /* MemoryslotsCard.app */;
			productType = "com.apple.product-type.application";
		};
		C627C30F2C6CCBF000B9DD12 /* MemoryslotsCardTests */ = {
			isa = PBXNativeTarget;
			buildConfigurationList = C627C3272C6CCBF000B9DD12 /* Build configuration list for PBXNativeTarget "MemoryslotsCardTests" */;
			buildPhases = (
				C627C30C2C6CCBF000B9DD12 /* Sources */,
				C627C30D2C6CCBF000B9DD12 /* Frameworks */,
				C627C30E2C6CCBF000B9DD12 /* Resources */,
			);
			buildRules = (
			);
			dependencies = (
				C627C3122C6CCBF000B9DD12 /* PBXTargetDependency */,
			);
			name = MemoryslotsCardTests;
			productName = MemoryslotsCardTests;
			productReference = C627C3102C6CCBF000B9DD12 /* MemoryslotsCardTests.xctest */;
			productType = "com.apple.product-type.bundle.unit-test";
		};
		C627C3192C6CCBF000B9DD12 /* MemoryslotsCardUITests */ = {
			isa = PBXNativeTarget;
			buildConfigurationList = C627C32A2C6CCBF000B9DD12 /* Build configuration list for PBXNativeTarget "MemoryslotsCardUITests" */;
			buildPhases = (
				C627C3162C6CCBF000B9DD12 /* Sources */,
				C627C3172C6CCBF000B9DD12 /* Frameworks */,
				C627C3182C6CCBF000B9DD12 /* Resources */,
			);
			buildRules = (
			);
			dependencies = (
				C627C31C2C6CCBF000B9DD12 /* PBXTargetDependency */,
			);
			name = MemoryslotsCardUITests;
			productName = MemoryslotsCardUITests;
			productReference = C627C31A2C6CCBF000B9DD12 /* MemoryslotsCardUITests.xctest */;
			productType = "com.apple.product-type.bundle.ui-testing";
		};
/* End PBXNativeTarget section */

/* Begin PBXProject section */
		C627C2ED2C6CCBEC00B9DD12 /* Project object */ = {
			isa = PBXProject;
			attributes = {
				BuildIndependentTargetsInParallel = 1;
				LastUpgradeCheck = 1520;
				TargetAttributes = {
					C627C2F42C6CCBEC00B9DD12 = {
						CreatedOnToolsVersion = 15.2;
					};
					C627C30F2C6CCBF000B9DD12 = {
						CreatedOnToolsVersion = 15.2;
						TestTargetID = C627C2F42C6CCBEC00B9DD12;
					};
					C627C3192C6CCBF000B9DD12 = {
						CreatedOnToolsVersion = 15.2;
						TestTargetID = C627C2F42C6CCBEC00B9DD12;
					};
				};
			};
			buildConfigurationList = C627C2F02C6CCBEC00B9DD12 /* Build configuration list for PBXProject "MemoryslotsCard" */;
			compatibilityVersion = "Xcode 14.0";
			developmentRegion = en;
			hasScannedForEncodings = 0;
			knownRegions = (
				en,
				Base,
			);
			mainGroup = C627C2EC2C6CCBEC00B9DD12;
			productRefGroup = C627C2F62C6CCBEC00B9DD12 /* Products */;
			projectDirPath = "";
			projectRoot = "";
			targets = (
				C627C2F42C6CCBEC00B9DD12 /* MemoryslotsCard */,
				C627C30F2C6CCBF000B9DD12 /* MemoryslotsCardTests */,
				C627C3192C6CCBF000B9DD12 /* MemoryslotsCardUITests */,
			);
		};
/* End PBXProject section */

/* Begin PBXResourcesBuildPhase section */
		C627C2F32C6CCBEC00B9DD12 /* Resources */ = {
			isa = PBXResourcesBuildPhase;
			buildActionMask = 2147483647;
			files = (
				C627C3082C6CCBEF00B9DD12 /* LaunchScreen.storyboard in Resources */,
				C656F5D02C6F865500A0A446 /* MemoryScoreViewController.xib in Resources */,
				C627C3052C6CCBEF00B9DD12 /* Assets.xcassets in Resources */,
				C627C3032C6CCBEC00B9DD12 /* Main.storyboard in Resources */,
				C627C3322C6CCECE00B9DD12 /* MeHomeViewController.xib in Resources */,
				C627C3372C6CD07300B9DD12 /* SettingsViewController.xib in Resources */,
				C6CAA7DE2C71B8460037F30C /* PriViewController.xib in Resources */,
				C656F5D52C6F867900A0A446 /* TreasureScoreViewController.xib in Resources */,
				C6CAA7E32C71BA510037F30C /* UserOpinionViewController.xib in Resources */,
				C627C33C2C6CD26100B9DD12 /* MemoryViewController.xib in Resources */,
			);
			runOnlyForDeploymentPostprocessing = 0;
		};
		C627C30E2C6CCBF000B9DD12 /* Resources */ = {
			isa = PBXResourcesBuildPhase;
			buildActionMask = 2147483647;
			files = (
			);
			runOnlyForDeploymentPostprocessing = 0;
		};
		C627C3182C6CCBF000B9DD12 /* Resources */ = {
			isa = PBXResourcesBuildPhase;
			buildActionMask = 2147483647;
			files = (
			);
			runOnlyForDeploymentPostprocessing = 0;
		};
/* End PBXResourcesBuildPhase section */

/* Begin PBXShellScriptBuildPhase section */
		35D33A3C0167B80A7FECBDB5 /* [CP] Embed Pods Frameworks */ = {
			isa = PBXShellScriptBuildPhase;
			buildActionMask = 2147483647;
			files = (
			);
			inputFileListPaths = (
				"${PODS_ROOT}/Target Support Files/Pods-MemoryslotsCard/Pods-MemoryslotsCard-frameworks-${CONFIGURATION}-input-files.xcfilelist",
			);
			name = "[CP] Embed Pods Frameworks";
			outputFileListPaths = (
				"${PODS_ROOT}/Target Support Files/Pods-MemoryslotsCard/Pods-MemoryslotsCard-frameworks-${CONFIGURATION}-output-files.xcfilelist",
			);
			runOnlyForDeploymentPostprocessing = 0;
			shellPath = /bin/sh;
			shellScript = "\"${PODS_ROOT}/Target Support Files/Pods-MemoryslotsCard/Pods-MemoryslotsCard-frameworks.sh\"\n";
			showEnvVarsInLog = 0;
		};
		8EBC59B8E31490F9B8E20F7B /* [CP] Check Pods Manifest.lock */ = {
			isa = PBXShellScriptBuildPhase;
			buildActionMask = 2147483647;
			files = (
			);
			inputFileListPaths = (
			);
			inputPaths = (
				"${PODS_PODFILE_DIR_PATH}/Podfile.lock",
				"${PODS_ROOT}/Manifest.lock",
			);
			name = "[CP] Check Pods Manifest.lock";
			outputFileListPaths = (
			);
			outputPaths = (
				"$(DERIVED_FILE_DIR)/Pods-MemoryslotsCard-checkManifestLockResult.txt",
			);
			runOnlyForDeploymentPostprocessing = 0;
			shellPath = /bin/sh;
			shellScript = "diff \"${PODS_PODFILE_DIR_PATH}/Podfile.lock\" \"${PODS_ROOT}/Manifest.lock\" > /dev/null\nif [ $? != 0 ] ; then\n    # print error to STDERR\n    echo \"error: The sandbox is not in sync with the Podfile.lock. Run 'pod install' or update your CocoaPods installation.\" >&2\n    exit 1\nfi\n# This output is used by Xcode 'outputs' to avoid re-running this script phase.\necho \"SUCCESS\" > \"${SCRIPT_OUTPUT_FILE_0}\"\n";
			showEnvVarsInLog = 0;
		};
/* End PBXShellScriptBuildPhase section */

/* Begin PBXSourcesBuildPhase section */
		C627C2F12C6CCBEC00B9DD12 /* Sources */ = {
			isa = PBXSourcesBuildPhase;
			buildActionMask = 2147483647;
			files = (
				C627C3002C6CCBEC00B9DD12 /* ViewController.m in Sources */,
				C627C2FA2C6CCBEC00B9DD12 /* AppDelegate.m in Sources */,
				C6CAA7E22C71BA510037F30C /* UserOpinionViewController.m in Sources */,
				C627C3362C6CD07300B9DD12 /* SettingsViewController.m in Sources */,
				C6CAA7DD2C71B8460037F30C /* PriViewController.m in Sources */,
				C627C33B2C6CD26100B9DD12 /* MemoryViewController.m in Sources */,
				C627C30B2C6CCBEF00B9DD12 /* main.m in Sources */,
				C627C3312C6CCECE00B9DD12 /* MeHomeViewController.m in Sources */,
				C656F5D42C6F867900A0A446 /* TreasureScoreViewController.m in Sources */,
				C656F5CF2C6F865500A0A446 /* MemoryScoreViewController.m in Sources */,
			);
			runOnlyForDeploymentPostprocessing = 0;
		};
		C627C30C2C6CCBF000B9DD12 /* Sources */ = {
			isa = PBXSourcesBuildPhase;
			buildActionMask = 2147483647;
			files = (
				C627C3152C6CCBF000B9DD12 /* MemoryslotsCardTests.m in Sources */,
			);
			runOnlyForDeploymentPostprocessing = 0;
		};
		C627C3162C6CCBF000B9DD12 /* Sources */ = {
			isa = PBXSourcesBuildPhase;
			buildActionMask = 2147483647;
			files = (
				C627C31F2C6CCBF000B9DD12 /* MemoryslotsCardUITests.m in Sources */,
				C627C3212C6CCBF000B9DD12 /* MemoryslotsCardUITestsLaunchTests.m in Sources */,
			);
			runOnlyForDeploymentPostprocessing = 0;
		};
/* End PBXSourcesBuildPhase section */

/* Begin PBXTargetDependency section */
		C627C3122C6CCBF000B9DD12 /* PBXTargetDependency */ = {
			isa = PBXTargetDependency;
			target = C627C2F42C6CCBEC00B9DD12 /* MemoryslotsCard */;
			targetProxy = C627C3112C6CCBF000B9DD12 /* PBXContainerItemProxy */;
		};
		C627C31C2C6CCBF000B9DD12 /* PBXTargetDependency */ = {
			isa = PBXTargetDependency;
			target = C627C2F42C6CCBEC00B9DD12 /* MemoryslotsCard */;
			targetProxy = C627C31B2C6CCBF000B9DD12 /* PBXContainerItemProxy */;
		};
/* End PBXTargetDependency section */

/* Begin PBXVariantGroup section */
		C627C3012C6CCBEC00B9DD12 /* Main.storyboard */ = {
			isa = PBXVariantGroup;
			children = (
				C627C3022C6CCBEC00B9DD12 /* Base */,
			);
			name = Main.storyboard;
			sourceTree = "<group>";
		};
		C627C3062C6CCBEF00B9DD12 /* LaunchScreen.storyboard */ = {
			isa = PBXVariantGroup;
			children = (
				C627C3072C6CCBEF00B9DD12 /* Base */,
			);
			name = LaunchScreen.storyboard;
			sourceTree = "<group>";
		};
/* End PBXVariantGroup section */

/* Begin XCBuildConfiguration section */
		C627C3222C6CCBF000B9DD12 /* Debug */ = {
			isa = XCBuildConfiguration;
			buildSettings = {
				ALWAYS_SEARCH_USER_PATHS = NO;
				ASSETCATALOG_COMPILER_GENERATE_SWIFT_ASSET_SYMBOL_EXTENSIONS = YES;
				CLANG_ANALYZER_NONNULL = YES;
				CLANG_ANALYZER_NUMBER_OBJECT_CONVERSION = YES_AGGRESSIVE;
				CLANG_CXX_LANGUAGE_STANDARD = "gnu++20";
				CLANG_ENABLE_MODULES = YES;
				CLANG_ENABLE_OBJC_ARC = YES;
				CLANG_ENABLE_OBJC_WEAK = YES;
				CLANG_WARN_BLOCK_CAPTURE_AUTORELEASING = YES;
				CLANG_WARN_BOOL_CONVERSION = YES;
				CLANG_WARN_COMMA = YES;
				CLANG_WARN_CONSTANT_CONVERSION = YES;
				CLANG_WARN_DEPRECATED_OBJC_IMPLEMENTATIONS = YES;
				CLANG_WARN_DIRECT_OBJC_ISA_USAGE = YES_ERROR;
				CLANG_WARN_DOCUMENTATION_COMMENTS = YES;
				CLANG_WARN_EMPTY_BODY = YES;
				CLANG_WARN_ENUM_CONVERSION = YES;
				CLANG_WARN_INFINITE_RECURSION = YES;
				CLANG_WARN_INT_CONVERSION = YES;
				CLANG_WARN_NON_LITERAL_NULL_CONVERSION = YES;
				CLANG_WARN_OBJC_IMPLICIT_RETAIN_SELF = YES;
				CLANG_WARN_OBJC_LITERAL_CONVERSION = YES;
				CLANG_WARN_OBJC_ROOT_CLASS = YES_ERROR;
				CLANG_WARN_QUOTED_INCLUDE_IN_FRAMEWORK_HEADER = YES;
				CLANG_WARN_RANGE_LOOP_ANALYSIS = YES;
				CLANG_WARN_STRICT_PROTOTYPES = YES;
				CLANG_WARN_SUSPICIOUS_MOVE = YES;
				CLANG_WARN_UNGUARDED_AVAILABILITY = YES_AGGRESSIVE;
				CLANG_WARN_UNREACHABLE_CODE = YES;
				CLANG_WARN__DUPLICATE_METHOD_MATCH = YES;
				COPY_PHASE_STRIP = NO;
				DEBUG_INFORMATION_FORMAT = dwarf;
				ENABLE_STRICT_OBJC_MSGSEND = YES;
				ENABLE_TESTABILITY = YES;
				ENABLE_USER_SCRIPT_SANDBOXING = YES;
				GCC_C_LANGUAGE_STANDARD = gnu17;
				GCC_DYNAMIC_NO_PIC = NO;
				GCC_NO_COMMON_BLOCKS = YES;
				GCC_OPTIMIZATION_LEVEL = 0;
				GCC_PREPROCESSOR_DEFINITIONS = (
					"DEBUG=1",
					"$(inherited)",
				);
				GCC_WARN_64_TO_32_BIT_CONVERSION = YES;
				GCC_WARN_ABOUT_RETURN_TYPE = YES_ERROR;
				GCC_WARN_UNDECLARED_SELECTOR = YES;
				GCC_WARN_UNINITIALIZED_AUTOS = YES_AGGRESSIVE;
				GCC_WARN_UNUSED_FUNCTION = YES;
				GCC_WARN_UNUSED_VARIABLE = YES;
				IPHONEOS_DEPLOYMENT_TARGET = 17.2;
				LOCALIZATION_PREFERS_STRING_CATALOGS = YES;
				MTL_ENABLE_DEBUG_INFO = INCLUDE_SOURCE;
				MTL_FAST_MATH = YES;
				ONLY_ACTIVE_ARCH = YES;
				SDKROOT = iphoneos;
			};
			name = Debug;
		};
		C627C3232C6CCBF000B9DD12 /* Release */ = {
			isa = XCBuildConfiguration;
			buildSettings = {
				ALWAYS_SEARCH_USER_PATHS = NO;
				ASSETCATALOG_COMPILER_GENERATE_SWIFT_ASSET_SYMBOL_EXTENSIONS = YES;
				CLANG_ANALYZER_NONNULL = YES;
				CLANG_ANALYZER_NUMBER_OBJECT_CONVERSION = YES_AGGRESSIVE;
				CLANG_CXX_LANGUAGE_STANDARD = "gnu++20";
				CLANG_ENABLE_MODULES = YES;
				CLANG_ENABLE_OBJC_ARC = YES;
				CLANG_ENABLE_OBJC_WEAK = YES;
				CLANG_WARN_BLOCK_CAPTURE_AUTORELEASING = YES;
				CLANG_WARN_BOOL_CONVERSION = YES;
				CLANG_WARN_COMMA = YES;
				CLANG_WARN_CONSTANT_CONVERSION = YES;
				CLANG_WARN_DEPRECATED_OBJC_IMPLEMENTATIONS = YES;
				CLANG_WARN_DIRECT_OBJC_ISA_USAGE = YES_ERROR;
				CLANG_WARN_DOCUMENTATION_COMMENTS = YES;
				CLANG_WARN_EMPTY_BODY = YES;
				CLANG_WARN_ENUM_CONVERSION = YES;
				CLANG_WARN_INFINITE_RECURSION = YES;
				CLANG_WARN_INT_CONVERSION = YES;
				CLANG_WARN_NON_LITERAL_NULL_CONVERSION = YES;
				CLANG_WARN_OBJC_IMPLICIT_RETAIN_SELF = YES;
				CLANG_WARN_OBJC_LITERAL_CONVERSION = YES;
				CLANG_WARN_OBJC_ROOT_CLASS = YES_ERROR;
				CLANG_WARN_QUOTED_INCLUDE_IN_FRAMEWORK_HEADER = YES;
				CLANG_WARN_RANGE_LOOP_ANALYSIS = YES;
				CLANG_WARN_STRICT_PROTOTYPES = YES;
				CLANG_WARN_SUSPICIOUS_MOVE = YES;
				CLANG_WARN_UNGUARDED_AVAILABILITY = YES_AGGRESSIVE;
				CLANG_WARN_UNREACHABLE_CODE = YES;
				CLANG_WARN__DUPLICATE_METHOD_MATCH = YES;
				COPY_PHASE_STRIP = NO;
				DEBUG_INFORMATION_FORMAT = "dwarf-with-dsym";
				ENABLE_NS_ASSERTIONS = NO;
				ENABLE_STRICT_OBJC_MSGSEND = YES;
				ENABLE_USER_SCRIPT_SANDBOXING = YES;
				GCC_C_LANGUAGE_STANDARD = gnu17;
				GCC_NO_COMMON_BLOCKS = YES;
				GCC_WARN_64_TO_32_BIT_CONVERSION = YES;
				GCC_WARN_ABOUT_RETURN_TYPE = YES_ERROR;
				GCC_WARN_UNDECLARED_SELECTOR = YES;
				GCC_WARN_UNINITIALIZED_AUTOS = YES_AGGRESSIVE;
				GCC_WARN_UNUSED_FUNCTION = YES;
				GCC_WARN_UNUSED_VARIABLE = YES;
				IPHONEOS_DEPLOYMENT_TARGET = 17.2;
				LOCALIZATION_PREFERS_STRING_CATALOGS = YES;
				MTL_ENABLE_DEBUG_INFO = NO;
				MTL_FAST_MATH = YES;
				SDKROOT = iphoneos;
				VALIDATE_PRODUCT = YES;
			};
			name = Release;
		};
		C627C3252C6CCBF000B9DD12 /* Debug */ = {
			isa = XCBuildConfiguration;
			baseConfigurationReference = 6BF8CFD07758DA3FC8710C78 /* Pods-MemoryslotsCard.debug.xcconfig */;
			buildSettings = {
				ASSETCATALOG_COMPILER_APPICON_NAME = AppIcon;
				ASSETCATALOG_COMPILER_GLOBAL_ACCENT_COLOR_NAME = AccentColor;
				CODE_SIGN_STYLE = Manual;
				CURRENT_PROJECT_VERSION = 4;
				DEVELOPMENT_TEAM = "";
				ENABLE_USER_SCRIPT_SANDBOXING = NO;
				GENERATE_INFOPLIST_FILE = YES;
				INFOPLIST_FILE = MemoryslotsCard/Info.plist;
				INFOPLIST_KEY_CFBundleDisplayName = PattiEggGame;
				INFOPLIST_KEY_UIApplicationSupportsIndirectInputEvents = YES;
				INFOPLIST_KEY_UILaunchStoryboardName = LaunchScreen;
				INFOPLIST_KEY_UIMainStoryboardFile = Main;
				INFOPLIST_KEY_UISupportedInterfaceOrientations = "UIInterfaceOrientationLandscapeLeft UIInterfaceOrientationLandscapeRight";
				INFOPLIST_KEY_UISupportedInterfaceOrientations_iPad = "UIInterfaceOrientationLandscapeLeft UIInterfaceOrientationLandscapeRight UIInterfaceOrientationPortrait UIInterfaceOrientationPortraitUpsideDown";
				IPHONEOS_DEPLOYMENT_TARGET = 14.0;
				LD_RUNPATH_SEARCH_PATHS = (
					"$(inherited)",
					"@executable_path/Frameworks",
				);
				MARKETING_VERSION = 1.0;
				PRODUCT_BUNDLE_IDENTIFIER = com.NIba.pattiEgggame;
				PRODUCT_NAME = "$(TARGET_NAME)";
				PROVISIONING_PROFILE_SPECIFIER = "";
				SUPPORTED_PLATFORMS = "iphoneos iphonesimulator";
				SUPPORTS_MACCATALYST = NO;
				SWIFT_EMIT_LOC_STRINGS = YES;
				TARGETED_DEVICE_FAMILY = 1;
			};
			name = Debug;
		};
		C627C3262C6CCBF000B9DD12 /* Release */ = {
			isa = XCBuildConfiguration;
			baseConfigurationReference = 144576A53EEBFE6E12B4E0C3 /* Pods-MemoryslotsCard.release.xcconfig */;
			buildSettings = {
				ASSETCATALOG_COMPILER_APPICON_NAME = AppIcon;
				ASSETCATALOG_COMPILER_GLOBAL_ACCENT_COLOR_NAME = AccentColor;
				CODE_SIGN_STYLE = Manual;
				CURRENT_PROJECT_VERSION = 4;
				DEVELOPMENT_TEAM = "";
				ENABLE_USER_SCRIPT_SANDBOXING = NO;
				GENERATE_INFOPLIST_FILE = YES;
				INFOPLIST_FILE = MemoryslotsCard/Info.plist;
				INFOPLIST_KEY_CFBundleDisplayName = PattiEggGame;
				INFOPLIST_KEY_UIApplicationSupportsIndirectInputEvents = YES;
				INFOPLIST_KEY_UILaunchStoryboardName = LaunchScreen;
				INFOPLIST_KEY_UIMainStoryboardFile = Main;
				INFOPLIST_KEY_UISupportedInterfaceOrientations = "UIInterfaceOrientationLandscapeLeft UIInterfaceOrientationLandscapeRight";
				INFOPLIST_KEY_UISupportedInterfaceOrientations_iPad = "UIInterfaceOrientationLandscapeLeft UIInterfaceOrientationLandscapeRight UIInterfaceOrientationPortrait UIInterfaceOrientationPortraitUpsideDown";
				IPHONEOS_DEPLOYMENT_TARGET = 14.0;
				LD_RUNPATH_SEARCH_PATHS = (
					"$(inherited)",
					"@executable_path/Frameworks",
				);
				MARKETING_VERSION = 1.0;
				PRODUCT_BUNDLE_IDENTIFIER = com.NIba.pattiEgggame;
				PRODUCT_NAME = "$(TARGET_NAME)";
				PROVISIONING_PROFILE_SPECIFIER = "";
				SUPPORTED_PLATFORMS = "iphoneos iphonesimulator";
				SUPPORTS_MACCATALYST = NO;
				SWIFT_EMIT_LOC_STRINGS = YES;
				TARGETED_DEVICE_FAMILY = 1;
			};
			name = Release;
		};
		C627C3282C6CCBF000B9DD12 /* Debug */ = {
			isa = XCBuildConfiguration;
			buildSettings = {
				BUNDLE_LOADER = "$(TEST_HOST)";
				CODE_SIGN_STYLE = Automatic;
				CURRENT_PROJECT_VERSION = 1;
				GENERATE_INFOPLIST_FILE = YES;
				IPHONEOS_DEPLOYMENT_TARGET = 17.2;
				MARKETING_VERSION = 1.0;
				PRODUCT_BUNDLE_IDENTIFIER = com.REALTY.JackpotSlotJubile.MemoryslotsCardTests;
				PRODUCT_NAME = "$(TARGET_NAME)";
				SWIFT_EMIT_LOC_STRINGS = NO;
				TARGETED_DEVICE_FAMILY = "1,2";
				TEST_HOST = "$(BUILT_PRODUCTS_DIR)/MemoryslotsCard.app/$(BUNDLE_EXECUTABLE_FOLDER_PATH)/MemoryslotsCard";
			};
			name = Debug;
		};
		C627C3292C6CCBF000B9DD12 /* Release */ = {
			isa = XCBuildConfiguration;
			buildSettings = {
				BUNDLE_LOADER = "$(TEST_HOST)";
				CODE_SIGN_STYLE = Automatic;
				CURRENT_PROJECT_VERSION = 1;
				GENERATE_INFOPLIST_FILE = YES;
				IPHONEOS_DEPLOYMENT_TARGET = 17.2;
				MARKETING_VERSION = 1.0;
				PRODUCT_BUNDLE_IDENTIFIER = com.REALTY.JackpotSlotJubile.MemoryslotsCardTests;
				PRODUCT_NAME = "$(TARGET_NAME)";
				SWIFT_EMIT_LOC_STRINGS = NO;
				TARGETED_DEVICE_FAMILY = "1,2";
				TEST_HOST = "$(BUILT_PRODUCTS_DIR)/MemoryslotsCard.app/$(BUNDLE_EXECUTABLE_FOLDER_PATH)/MemoryslotsCard";
			};
			name = Release;
		};
		C627C32B2C6CCBF000B9DD12 /* Debug */ = {
			isa = XCBuildConfiguration;
			buildSettings = {
				CODE_SIGN_STYLE = Automatic;
				CURRENT_PROJECT_VERSION = 1;
				GENERATE_INFOPLIST_FILE = YES;
				MARKETING_VERSION = 1.0;
				PRODUCT_BUNDLE_IDENTIFIER = com.REALTY.JackpotSlotJubile.MemoryslotsCardUITests;
				PRODUCT_NAME = "$(TARGET_NAME)";
				SWIFT_EMIT_LOC_STRINGS = NO;
				TARGETED_DEVICE_FAMILY = "1,2";
				TEST_TARGET_NAME = MemoryslotsCard;
			};
			name = Debug;
		};
		C627C32C2C6CCBF000B9DD12 /* Release */ = {
			isa = XCBuildConfiguration;
			buildSettings = {
				CODE_SIGN_STYLE = Automatic;
				CURRENT_PROJECT_VERSION = 1;
				GENERATE_INFOPLIST_FILE = YES;
				MARKETING_VERSION = 1.0;
				PRODUCT_BUNDLE_IDENTIFIER = com.REALTY.JackpotSlotJubile.MemoryslotsCardUITests;
				PRODUCT_NAME = "$(TARGET_NAME)";
				SWIFT_EMIT_LOC_STRINGS = NO;
				TARGETED_DEVICE_FAMILY = "1,2";
				TEST_TARGET_NAME = MemoryslotsCard;
			};
			name = Release;
		};
/* End XCBuildConfiguration section */

/* Begin XCConfigurationList section */
		C627C2F02C6CCBEC00B9DD12 /* Build configuration list for PBXProject "MemoryslotsCard" */ = {
			isa = XCConfigurationList;
			buildConfigurations = (
				C627C3222C6CCBF000B9DD12 /* Debug */,
				C627C3232C6CCBF000B9DD12 /* Release */,
			);
			defaultConfigurationIsVisible = 0;
			defaultConfigurationName = Release;
		};
		C627C3242C6CCBF000B9DD12 /* Build configuration list for PBXNativeTarget "MemoryslotsCard" */ = {
			isa = XCConfigurationList;
			buildConfigurations = (
				C627C3252C6CCBF000B9DD12 /* Debug */,
				C627C3262C6CCBF000B9DD12 /* Release */,
			);
			defaultConfigurationIsVisible = 0;
			defaultConfigurationName = Release;
		};
		C627C3272C6CCBF000B9DD12 /* Build configuration list for PBXNativeTarget "MemoryslotsCardTests" */ = {
			isa = XCConfigurationList;
			buildConfigurations = (
				C627C3282C6CCBF000B9DD12 /* Debug */,
				C627C3292C6CCBF000B9DD12 /* Release */,
			);
			defaultConfigurationIsVisible = 0;
			defaultConfigurationName = Release;
		};
		C627C32A2C6CCBF000B9DD12 /* Build configuration list for PBXNativeTarget "MemoryslotsCardUITests" */ = {
			isa = XCConfigurationList;
			buildConfigurations = (
				C627C32B2C6CCBF000B9DD12 /* Debug */,
				C627C32C2C6CCBF000B9DD12 /* Release */,
			);
			defaultConfigurationIsVisible = 0;
			defaultConfigurationName = Release;
		};
/* End XCConfigurationList section */
	};
	rootObject = C627C2ED2C6CCBEC00B9DD12 /* Project object */;
}
